
Microsoft Visual Studio Solution File, Format Version 12.00
# Visual Studio Version 16
VisualStudioVersion = 16.0.30907.101
MinimumVisualStudioVersion = 10.0.40219.1
Project("{FAE04EC0-301F-11D3-BF4B-00C04F79EFBC}") = "HexToBase64Converter", "HexToBase64Converter\HexToBase64Converter.csproj", "{D07FA694-F700-47D5-806A-BC4AA4197BF4}"
EndProject
Global
	GlobalSection(SolutionConfigurationPlatforms) = preSolution
		Debug|Any CPU = Debug|Any CPU
		Release|Any CPU = Release|Any CPU
	EndGlobalSection
	GlobalSection(ProjectConfigurationPlatforms) = postSolution
		{D07FA694-F700-47D5-806A-BC4AA4197BF4}.Debug|Any CPU.ActiveCfg = Debug|Any CPU
		{D07FA694-F700-47D5-806A-BC4AA4197BF4}.Debug|Any CPU.Build.0 = Debug|Any CPU
		{D07FA694-F700-47D5-806A-BC4AA4197BF4}.Release|Any CPU.ActiveCfg = Release|Any CPU
		{D07FA694-F700-47D5-806A-BC4AA4197BF4}.Release|Any CPU.Build.0 = Release|Any CPU
	EndGlobalSection
	GlobalSection(SolutionProperties) = preSolution
		HideSolutionNode = FALSE
	EndGlobalSection
	GlobalSection(ExtensibilityGlobals) = postSolution
		SolutionGuid = {93123E0D-B087-48F4-82B5-11B5691B96D3}
	EndGlobalSection
EndGlobal
